<?xml version="1.0" encoding="UTF-8" standalone="yes" ?>
<CodeBlocks_project_file>
	<FileVersion major="1" minor="6" />
	<Project>
		<Option title="isn" />
		<Option pch_mode="2" />
		<Option compiler="gcc" />
		<Build>
			<Target title="Debug">
				<Option output="bin/Debug/isn" prefix_auto="1" extension_auto="1" />
				<Option object_output="obj/Debug/" />
				<Option type="0" />
				<Option compiler="gcc" />
				<Compiler>
					<Add option="-g" />
				</Compiler>
			</Target>
			<Target title="Release">
				<Option output="bin/Release/isn" prefix_auto="1" extension_auto="1" />
				<Option object_output="obj/Release/" />
				<Option type="0" />
				<Option compiler="gcc" />
				<Compiler>
					<Add option="-O2" />
				</Compiler>
				<Linker>
					<Add option="-s" />
				</Linker>
			</Target>
		</Build>
		<Compiler>
			<Add option="-Wall" />
			<Add directory="C:/Program Files (x86)/CodeBlocks/MinGW/SDL-1.2.15/include" />
		</Compiler>
		<Linker>
			<Add library="mingw32" />
			<Add library="SDLmain" />
			<Add library="SDL.dll" />
			<Add library="user32" />
			<Add library="gdi32" />
			<Add library="winmm" />
			<Add library="dxguid" />
			<Add library="C:\Program Files (x86)\CodeBlocks\MinGW\lib\SDL_ttf.lib" />
			<Add directory="C:/Program Files (x86)/CodeBlocks/MinGW/SDL-1.2.15/lib" />
		</Linker>
		<Unit filename="Arme.cpp" />
		<Unit filename="Arme.h" />
		<Unit filename="Personnage.cpp" />
		<Unit filename="Personnage.h" />
		<Unit filename="Ressources/images/armes/arme1.bmp" />
		<Unit filename="Ressources/images/armes/arme2.bmp" />
		<Unit filename="Ressources/images/armes/arme3.bmp" />
		<Unit filename="Ressources/images/armes/arme4.bmp" />
		<Unit filename="Ressources/images/armes/armeSprites.bmp" />
		<Unit filename="Ressources/images/cailloux.bmp" />
		<Unit filename="Ressources/images/caisse.bmp" />
		<Unit filename="Ressources/images/cb.bmp" />
		<Unit filename="Ressources/images/decors/arbres.bmp" />
		<Unit filename="Ressources/images/decors/coeur.bmp" />
		<Unit filename="Ressources/images/decors/feuilleSprites.bmp" />
		<Unit filename="Ressources/images/decors/feuille_bas.bmp" />
		<Unit filename="Ressources/images/decors/feuille_bhaut.bmp" />
		<Unit filename="Ressources/images/decors/feuille_haut.bmp" />
		<Unit filename="Ressources/images/ennemiSprites.bmp" />
		<Unit filename="Ressources/images/ennemi/e_bas.bmp" />
		<Unit filename="Ressources/images/ennemi/e_bas_pd.bmp" />
		<Unit filename="Ressources/images/ennemi/e_bas_pg.bmp" />
		<Unit filename="Ressources/images/ennemi/e_droite.bmp" />
		<Unit filename="Ressources/images/ennemi/e_droite_pd.bmp" />
		<Unit filename="Ressources/images/ennemi/e_droite_pg.bmp" />
		<Unit filename="Ressources/images/ennemi/e_gauche.bmp" />
		<Unit filename="Ressources/images/ennemi/e_gauche_pd.bmp" />
		<Unit filename="Ressources/images/ennemi/e_gauche_pg.bmp" />
		<Unit filename="Ressources/images/ennemi/e_haut.bmp" />
		<Unit filename="Ressources/images/ennemi/e_haut_pd.bmp" />
		<Unit filename="Ressources/images/ennemi/e_haut_pg.bmp" />
		<Unit filename="Ressources/images/feuille.bmp" />
		<Unit filename="Ressources/images/heroeSprites.bmp" />
		<Unit filename="Ressources/images/heroe/bas.bmp" />
		<Unit filename="Ressources/images/heroe/bas_pd.bmp" />
		<Unit filename="Ressources/images/heroe/bas_pg.bmp" />
		<Unit filename="Ressources/images/heroe/droite.bmp" />
		<Unit filename="Ressources/images/heroe/droite_pd.bmp" />
		<Unit filename="Ressources/images/heroe/droite_pg.bmp" />
		<Unit filename="Ressources/images/heroe/gauche.bmp" />
		<Unit filename="Ressources/images/heroe/gauche_pd.bmp" />
		<Unit filename="Ressources/images/heroe/gauche_pg.bmp" />
		<Unit filename="Ressources/images/heroe/haut.bmp" />
		<Unit filename="Ressources/images/heroe/haut_pd.bmp" />
		<Unit filename="Ressources/images/heroe/haut_pg.bmp" />
		<Unit filename="Ressources/images/heroe/ventSprite.bmp" />
		<Unit filename="Ressources/images/jauge.bmp" />
		<Unit filename="Ressources/images/jauge_transparence.bmp" />
		<Unit filename="Ressources/images/log.bmp" />
		<Unit filename="Ressources/images/mario.bmp" />
		<Unit filename="Ressources/images/mario_bas.bmp" />
		<Unit filename="Ressources/images/mario_bas.gif" />
		<Unit filename="Ressources/images/menu.bmp" />
		<Unit filename="Score.cpp" />
		<Unit filename="Score.h" />
		<Unit filename="aleatoire.cpp" />
		<Unit filename="aleatoire.h" />
		<Unit filename="collisionennemis.cpp" />
		<Unit filename="collisionennemis.h" />
		<Unit filename="constantes.h" />
		<Unit filename="deplacement.cpp" />
		<Unit filename="deplacement.h" />
		<Unit filename="fichiers.cpp" />
		<Unit filename="fichiers.h" />
		<Unit filename="main.cpp" />
		<Unit filename="sprite.cpp" />
		<Unit filename="sprite.h" />
		<Extensions>
			<code_completion />
			<envvars />
			<debugger />
			<lib_finder disable_auto="1" />
		</Extensions>
	</Project>
</CodeBlocks_project_file>
